
Microsoft Visual Studio Solution File, Format Version 12.00
# Visual Studio Version 16
VisualStudioVersion = 16.0.31112.23
MinimumVisualStudioVersion = 10.0.40219.1
Project("{FAE04EC0-301F-11D3-BF4B-00C04F79EFBC}") = "FirstQuiz-6", "FirstQuiz-6\FirstQuiz-6.csproj", "{E8FB0EBB-E0C8-4A17-B3F3-A432FCD10585}"
EndProject
Global
	GlobalSection(SolutionConfigurationPlatforms) = preSolution
		Debug|Any CPU = Debug|Any CPU
		Release|Any CPU = Release|Any CPU
	EndGlobalSection
	GlobalSection(ProjectConfigurationPlatforms) = postSolution
		{E8FB0EBB-E0C8-4A17-B3F3-A432FCD10585}.Debug|Any CPU.ActiveCfg = Debug|Any CPU
		{E8FB0EBB-E0C8-4A17-B3F3-A432FCD10585}.Debug|Any CPU.Build.0 = Debug|Any CPU
		{E8FB0EBB-E0C8-4A17-B3F3-A432FCD10585}.Release|Any CPU.ActiveCfg = Release|Any CPU
		{E8FB0EBB-E0C8-4A17-B3F3-A432FCD10585}.Release|Any CPU.Build.0 = Release|Any CPU
	EndGlobalSection
	GlobalSection(SolutionProperties) = preSolution
		HideSolutionNode = FALSE
	EndGlobalSection
	GlobalSection(ExtensibilityGlobals) = postSolution
		SolutionGuid = {D389E202-D4F8-48FC-AE14-B9B38DB0EA04}
	EndGlobalSection
EndGlobal
