
Microsoft Visual Studio Solution File, Format Version 12.00
# Visual Studio Version 16
VisualStudioVersion = 16.0.31112.23
MinimumVisualStudioVersion = 10.0.40219.1
Project("{FAE04EC0-301F-11D3-BF4B-00C04F79EFBC}") = "FirstQuiz-10", "FirstQuiz-10\FirstQuiz-10.csproj", "{CEC13C4A-C9B9-4FC4-886D-70BAF4492087}"
EndProject
Global
	GlobalSection(SolutionConfigurationPlatforms) = preSolution
		Debug|Any CPU = Debug|Any CPU
		Release|Any CPU = Release|Any CPU
	EndGlobalSection
	GlobalSection(ProjectConfigurationPlatforms) = postSolution
		{CEC13C4A-C9B9-4FC4-886D-70BAF4492087}.Debug|Any CPU.ActiveCfg = Debug|Any CPU
		{CEC13C4A-C9B9-4FC4-886D-70BAF4492087}.Debug|Any CPU.Build.0 = Debug|Any CPU
		{CEC13C4A-C9B9-4FC4-886D-70BAF4492087}.Release|Any CPU.ActiveCfg = Release|Any CPU
		{CEC13C4A-C9B9-4FC4-886D-70BAF4492087}.Release|Any CPU.Build.0 = Release|Any CPU
	EndGlobalSection
	GlobalSection(SolutionProperties) = preSolution
		HideSolutionNode = FALSE
	EndGlobalSection
	GlobalSection(ExtensibilityGlobals) = postSolution
		SolutionGuid = {74E663EF-CD50-4B1F-8E59-95D7A16A556F}
	EndGlobalSection
EndGlobal
